// !$*UTF8*$!
{
	archiveVersion = 1;
	classes = {
	};
	objectVersion = 46;
	objects = {

/* Begin PBXBuildFile section */
		8F99810D1DE1ED7800F60927 /* AppDelegate.swift in Sources */ = {isa = PBXBuildFile; fileRef = 8F99810C1DE1ED7800F60927 /* AppDelegate.swift */; };
		8F99810F1DE1ED7800F60927 /* ViewController.swift in Sources */ = {isa = PBXBuildFile; fileRef = 8F99810E1DE1ED7800F60927 /* ViewController.swift */; };
		8F9981121DE1ED7800F60927 /* Main.storyboard in Resources */ = {isa = PBXBuildFile; fileRef = 8F9981101DE1ED7800F60927 /* Main.storyboard */; };
		8F9981151DE1ED7800F60927 /* PageViewTest.xcdatamodeld in Sources */ = {isa = PBXBuildFile; fileRef = 8F9981131DE1ED7800F60927 /* PageViewTest.xcdatamodeld */; };
		8F9981171DE1ED7800F60927 /* Assets.xcassets in Resources */ = {isa = PBXBuildFile; fileRef = 8F9981161DE1ED7800F60927 /* Assets.xcassets */; };
		8F99811A1DE1ED7800F60927 /* LaunchScreen.storyboard in Resources */ = {isa = PBXBuildFile; fileRef = 8F9981181DE1ED7800F60927 /* LaunchScreen.storyboard */; };
		8F9981251DE1ED7800F60927 /* PageViewTestTests.swift in Sources */ = {isa = PBXBuildFile; fileRef = 8F9981241DE1ED7800F60927 /* PageViewTestTests.swift */; };
		8F9981301DE1ED7800F60927 /* PageViewTestUITests.swift in Sources */ = {isa = PBXBuildFile; fileRef = 8F99812F1DE1ED7800F60927 /* PageViewTestUITests.swift */; };
/* End PBXBuildFile section */

/* Begin PBXContainerItemProxy section */
		8F9981211DE1ED7800F60927 /* PBXContainerItemProxy */ = {
			isa = PBXContainerItemProxy;
			containerPortal = 8F9981011DE1ED7800F60927 /* Project object */;
			proxyType = 1;
			remoteGlobalIDString = 8F9981081DE1ED7800F60927;
			remoteInfo = PageViewTest;
		};
		8F99812C1DE1ED7800F60927 /* PBXContainerItemProxy */ = {
			isa = PBXContainerItemProxy;
			containerPortal = 8F9981011DE1ED7800F60927 /* Project object */;
			proxyType = 1;
			remoteGlobalIDString = 8F9981081DE1ED7800F60927;
			remoteInfo = PageViewTest;
		};
/* End PBXContainerItemProxy section */

/* Begin PBXFileReference section */
		8F9981091DE1ED7800F60927 /* PageViewTest.app */ = {isa = PBXFileReference; explicitFileType = wrapper.application; includeInIndex = 0; path = PageViewTest.app; sourceTree = BUILT_PRODUCTS_DIR; };
		8F99810C1DE1ED7800F60927 /* AppDelegate.swift */ = {isa = PBXFileReference; lastKnownFileType = sourcecode.swift; path = AppDelegate.swift; sourceTree = "<group>"; };
		8F99810E1DE1ED7800F60927 /* ViewController.swift */ = {isa = PBXFileReference; lastKnownFileType = sourcecode.swift; path = ViewController.swift; sourceTree = "<group>"; };
		8F9981111DE1ED7800F60927 /* Base */ = {isa = PBXFileReference; lastKnownFileType = file.storyboard; name = Base; path = Base.lproj/Main.storyboard; sourceTree = "<group>"; };
		8F9981141DE1ED7800F60927 /* PageViewTest.xcdatamodel */ = {isa = PBXFileReference; lastKnownFileType = wrapper.xcdatamodel; path = PageViewTest.xcdatamodel; sourceTree = "<group>"; };
		8F9981161DE1ED7800F60927 /* Assets.xcassets */ = {isa = PBXFileReference; lastKnownFileType = folder.assetcatalog; path = Assets.xcassets; sourceTree = "<group>"; };
		8F9981191DE1ED7800F60927 /* Base */ = {isa = PBXFileReference; lastKnownFileType = file.storyboard; name = Base; path = Base.lproj/LaunchScreen.storyboard; sourceTree = "<group>"; };
		8F99811B1DE1ED7800F60927 /* Info.plist */ = {isa = PBXFileReference; lastKnownFileType = text.plist.xml; path = Info.plist; sourceTree = "<group>"; };
		8F9981201DE1ED7800F60927 /* PageViewTestTests.xctest */ = {isa = PBXFileReference; explicitFileType = wrapper.cfbundle; includeInIndex = 0; path = PageViewTestTests.xctest; sourceTree = BUILT_PRODUCTS_DIR; };
		8F9981241DE1ED7800F60927 /* PageViewTestTests.swift */ = {isa = PBXFileReference; lastKnownFileType = sourcecode.swift; path = PageViewTestTests.swift; sourceTree = "<group>"; };
		8F9981261DE1ED7800F60927 /* Info.plist */ = {isa = PBXFileReference; lastKnownFileType = text.plist.xml; path = Info.plist; sourceTree = "<group>"; };
		8F99812B1DE1ED7800F60927 /* PageViewTestUITests.xctest */ = {isa = PBXFileReference; explicitFileType = wrapper.cfbundle; includeInIndex = 0; path = PageViewTestUITests.xctest; sourceTree = BUILT_PRODUCTS_DIR; };
		8F99812F1DE1ED7800F60927 /* PageViewTestUITests.swift */ = {isa = PBXFileReference; lastKnownFileType = sourcecode.swift; path = PageViewTestUITests.swift; sourceTree = "<group>"; };
		8F9981311DE1ED7800F60927 /* Info.plist */ = {isa = PBXFileReference; lastKnownFileType = text.plist.xml; path = Info.plist; sourceTree = "<group>"; };
/* End PBXFileReference section */

/* Begin PBXFrameworksBuildPhase section */
		8F9981061DE1ED7800F60927 /* Frameworks */ = {
			isa = PBXFrameworksBuildPhase;
			buildActionMask = 2147483647;
			files = (
			);
			runOnlyForDeploymentPostprocessing = 0;
		};
		8F99811D1DE1ED7800F60927 /* Frameworks */ = {
			isa = PBXFrameworksBuildPhase;
			buildActionMask = 2147483647;
			files = (
			);
			runOnlyForDeploymentPostprocessing = 0;
		};
		8F9981281DE1ED7800F60927 /* Frameworks */ = {
			isa = PBXFrameworksBuildPhase;
			buildActionMask = 2147483647;
			files = (
			);
			runOnlyForDeploymentPostprocessing = 0;
		};
/* End PBXFrameworksBuildPhase section */

/* Begin PBXGroup section */
		8F9981001DE1ED7800F60927 = {
			isa = PBXGroup;
			children = (
				8F99810B1DE1ED7800F60927 /* PageViewTest */,
				8F9981231DE1ED7800F60927 /* PageViewTestTests */,
				8F99812E1DE1ED7800F60927 /* PageViewTestUITests */,
				8F99810A1DE1ED7800F60927 /* Products */,
			);
			sourceTree = "<group>";
		};
		8F99810A1DE1ED7800F60927 /* Products */ = {
			isa = PBXGroup;
			children = (
				8F9981091DE1ED7800F60927 /* PageViewTest.app */,
				8F9981201DE1ED7800F60927 /* PageViewTestTests.xctest */,
				8F99812B1DE1ED7800F60927 /* PageViewTestUITests.xctest */,
			);
			name = Products;
			sourceTree = "<group>";
		};
		8F99810B1DE1ED7800F60927 /* PageViewTest */ = {
			isa = PBXGroup;
			children = (
				8F99810C1DE1ED7800F60927 /* AppDelegate.swift */,
				8F99810E1DE1ED7800F60927 /* ViewController.swift */,
				8F9981101DE1ED7800F60927 /* Main.storyboard */,
				8F9981161DE1ED7800F60927 /* Assets.xcassets */,
				8F9981181DE1ED7800F60927 /* LaunchScreen.storyboard */,
				8F99811B1DE1ED7800F60927 /* Info.plist */,
				8F9981131DE1ED7800F60927 /* PageViewTest.xcdatamodeld */,
			);
			path = PageViewTest;
			sourceTree = "<group>";
		};
		8F9981231DE1ED7800F60927 /* PageViewTestTests */ = {
			isa = PBXGroup;
			children = (
				8F9981241DE1ED7800F60927 /* PageViewTestTests.swift */,
				8F9981261DE1ED7800F60927 /* Info.plist */,
			);
			path = PageViewTestTests;
			sourceTree = "<group>";
		};
		8F99812E1DE1ED7800F60927 /* PageViewTestUITests */ = {
			isa = PBXGroup;
			children = (
				8F99812F1DE1ED7800F60927 /* PageViewTestUITests.swift */,
				8F9981311DE1ED7800F60927 /* Info.plist */,
			);
			path = PageViewTestUITests;
			sourceTree = "<group>";
		};
/* End PBXGroup section */

/* Begin PBXNativeTarget section */
		8F9981081DE1ED7800F60927 /* PageViewTest */ = {
			isa = PBXNativeTarget;
			buildConfigurationList = 8F9981341DE1ED7800F60927 /* Build configuration list for PBXNativeTarget "PageViewTest" */;
			buildPhases = (
				8F9981051DE1ED7800F60927 /* Sources */,
				8F9981061DE1ED7800F60927 /* Frameworks */,
				8F9981071DE1ED7800F60927 /* Resources */,
			);
			buildRules = (
			);
			dependencies = (
			);
			name = PageViewTest;
			productName = PageViewTest;
			productReference = 8F9981091DE1ED7800F60927 /* PageViewTest.app */;
			productType = "com.apple.product-type.application";
		};
		8F99811F1DE1ED7800F60927 /* PageViewTestTests */ = {
			isa = PBXNativeTarget;
			buildConfigurationList = 8F9981371DE1ED7800F60927 /* Build configuration list for PBXNativeTarget "PageViewTestTests" */;
			buildPhases = (
				8F99811C1DE1ED7800F60927 /* Sources */,
				8F99811D1DE1ED7800F60927 /* Frameworks */,
				8F99811E1DE1ED7800F60927 /* Resources */,
			);
			buildRules = (
			);
			dependencies = (
				8F9981221DE1ED7800F60927 /* PBXTargetDependency */,
			);
			name = PageViewTestTests;
			productName = PageViewTestTests;
			productReference = 8F9981201DE1ED7800F60927 /* PageViewTestTests.xctest */;
			productType = "com.apple.product-type.bundle.unit-test";
		};
		8F99812A1DE1ED7800F60927 /* PageViewTestUITests */ = {
			isa = PBXNativeTarget;
			buildConfigurationList = 8F99813A1DE1ED7800F60927 /* Build configuration list for PBXNativeTarget "PageViewTestUITests" */;
			buildPhases = (
				8F9981271DE1ED7800F60927 /* Sources */,
				8F9981281DE1ED7800F60927 /* Frameworks */,
				8F9981291DE1ED7800F60927 /* Resources */,
			);
			buildRules = (
			);
			dependencies = (
				8F99812D1DE1ED7800F60927 /* PBXTargetDependency */,
			);
			name = PageViewTestUITests;
			productName = PageViewTestUITests;
			productReference = 8F99812B1DE1ED7800F60927 /* PageViewTestUITests.xctest */;
			productType = "com.apple.product-type.bundle.ui-testing";
		};
/* End PBXNativeTarget section */

/* Begin PBXProject section */
		8F9981011DE1ED7800F60927 /* Project object */ = {
			isa = PBXProject;
			attributes = {
				LastSwiftUpdateCheck = 0810;
				LastUpgradeCheck = 0810;
				ORGANIZATIONNAME = WhistleStop;
				TargetAttributes = {
					8F9981081DE1ED7800F60927 = {
						CreatedOnToolsVersion = 8.1;
						DevelopmentTeam = SS429DAPQ5;
						ProvisioningStyle = Automatic;
					};
					8F99811F1DE1ED7800F60927 = {
						CreatedOnToolsVersion = 8.1;
						DevelopmentTeam = SS429DAPQ5;
						ProvisioningStyle = Automatic;
						TestTargetID = 8F9981081DE1ED7800F60927;
					};
					8F99812A1DE1ED7800F60927 = {
						CreatedOnToolsVersion = 8.1;
						DevelopmentTeam = SS429DAPQ5;
						ProvisioningStyle = Automatic;
						TestTargetID = 8F9981081DE1ED7800F60927;
					};
				};
			};
			buildConfigurationList = 8F9981041DE1ED7800F60927 /* Build configuration list for PBXProject "PageViewTest" */;
			compatibilityVersion = "Xcode 3.2";
			developmentRegion = English;
			hasScannedForEncodings = 0;
			knownRegions = (
				en,
				Base,
			);
			mainGroup = 8F9981001DE1ED7800F60927;
			productRefGroup = 8F99810A1DE1ED7800F60927 /* Products */;
			projectDirPath = "";
			projectRoot = "";
			targets = (
				8F9981081DE1ED7800F60927 /* PageViewTest */,
				8F99811F1DE1ED7800F60927 /* PageViewTestTests */,
				8F99812A1DE1ED7800F60927 /* PageViewTestUITests */,
			);
		};
/* End PBXProject section */

/* Begin PBXResourcesBuildPhase section */
		8F9981071DE1ED7800F60927 /* Resources */ = {
			isa = PBXResourcesBuildPhase;
			buildActionMask = 2147483647;
			files = (
				8F99811A1DE1ED7800F60927 /* LaunchScreen.storyboard in Resources */,
				8F9981171DE1ED7800F60927 /* Assets.xcassets in Resources */,
				8F9981121DE1ED7800F60927 /* Main.storyboard in Resources */,
			);
			runOnlyForDeploymentPostprocessing = 0;
		};
		8F99811E1DE1ED7800F60927 /* Resources */ = {
			isa = PBXResourcesBuildPhase;
			buildActionMask = 2147483647;
			files = (
			);
			runOnlyForDeploymentPostprocessing = 0;
		};
		8F9981291DE1ED7800F60927 /* Resources */ = {
			isa = PBXResourcesBuildPhase;
			buildActionMask = 2147483647;
			files = (
			);
			runOnlyForDeploymentPostprocessing = 0;
		};
/* End PBXResourcesBuildPhase section */

/* Begin PBXSourcesBuildPhase section */
		8F9981051DE1ED7800F60927 /* Sources */ = {
			isa = PBXSourcesBuildPhase;
			buildActionMask = 2147483647;
			files = (
				8F99810F1DE1ED7800F60927 /* ViewController.swift in Sources */,
				8F9981151DE1ED7800F60927 /* PageViewTest.xcdatamodeld in Sources */,
				8F99810D1DE1ED7800F60927 /* AppDelegate.swift in Sources */,
			);
			runOnlyForDeploymentPostprocessing = 0;
		};
		8F99811C1DE1ED7800F60927 /* Sources */ = {
			isa = PBXSourcesBuildPhase;
			buildActionMask = 2147483647;
			files = (
				8F9981251DE1ED7800F60927 /* PageViewTestTests.swift in Sources */,
			);
			runOnlyForDeploymentPostprocessing = 0;
		};
		8F9981271DE1ED7800F60927 /* Sources */ = {
			isa = PBXSourcesBuildPhase;
			buildActionMask = 2147483647;
			files = (
				8F9981301DE1ED7800F60927 /* PageViewTestUITests.swift in Sources */,
			);
			runOnlyForDeploymentPostprocessing = 0;
		};
/* End PBXSourcesBuildPhase section */

/* Begin PBXTargetDependency section */
		8F9981221DE1ED7800F60927 /* PBXTargetDependency */ = {
			isa = PBXTargetDependency;
			target = 8F9981081DE1ED7800F60927 /* PageViewTest */;
			targetProxy = 8F9981211DE1ED7800F60927 /* PBXContainerItemProxy */;
		};
		8F99812D1DE1ED7800F60927 /* PBXTargetDependency */ = {
			isa = PBXTargetDependency;
			target = 8F9981081DE1ED7800F60927 /* PageViewTest */;
			targetProxy = 8F99812C1DE1ED7800F60927 /* PBXContainerItemProxy */;
		};
/* End PBXTargetDependency section */

/* Begin PBXVariantGroup section */
		8F9981101DE1ED7800F60927 /* Main.storyboard */ = {
			isa = PBXVariantGroup;
			children = (
				8F9981111DE1ED7800F60927 /* Base */,
			);
			name = Main.storyboard;
			sourceTree = "<group>";
		};
		8F9981181DE1ED7800F60927 /* LaunchScreen.storyboard */ = {
			isa = PBXVariantGroup;
			children = (
				8F9981191DE1ED7800F60927 /* Base */,
			);
			name = LaunchScreen.storyboard;
			sourceTree = "<group>";
		};
/* End PBXVariantGroup section */

/* Begin XCBuildConfiguration section */
		8F9981321DE1ED7800F60927 /* Debug */ = {
			isa = XCBuildConfiguration;
			buildSettings = {
				ALWAYS_SEARCH_USER_PATHS = NO;
				CLANG_ANALYZER_NONNULL = YES;
				CLANG_CXX_LANGUAGE_STANDARD = "gnu++0x";
				CLANG_CXX_LIBRARY = "libc++";
				CLANG_ENABLE_MODULES = YES;
				CLANG_ENABLE_OBJC_ARC = YES;
				CLANG_WARN_BOOL_CONVERSION = YES;
				CLANG_WARN_CONSTANT_CONVERSION = YES;
				CLANG_WARN_DIRECT_OBJC_ISA_USAGE = YES_ERROR;
				CLANG_WARN_DOCUMENTATION_COMMENTS = YES;
				CLANG_WARN_EMPTY_BODY = YES;
				CLANG_WARN_ENUM_CONVERSION = YES;
				CLANG_WARN_INFINITE_RECURSION = YES;
				CLANG_WARN_INT_CONVERSION = YES;
				CLANG_WARN_OBJC_ROOT_CLASS = YES_ERROR;
				CLANG_WARN_SUSPICIOUS_MOVES = YES;
				CLANG_WARN_UNREACHABLE_CODE = YES;
				CLANG_WARN__DUPLICATE_METHOD_MATCH = YES;
				"CODE_SIGN_IDENTITY[sdk=iphoneos*]" = "iPhone Developer";
				COPY_PHASE_STRIP = NO;
				DEBUG_INFORMATION_FORMAT = dwarf;
				ENABLE_STRICT_OBJC_MSGSEND = YES;
				ENABLE_TESTABILITY = YES;
				GCC_C_LANGUAGE_STANDARD = gnu99;
				GCC_DYNAMIC_NO_PIC = NO;
				GCC_NO_COMMON_BLOCKS = YES;
				GCC_OPTIMIZATION_LEVEL = 0;
				GCC_PREPROCESSOR_DEFINITIONS = (
					"DEBUG=1",
					"$(inherited)",
				);
				GCC_WARN_64_TO_32_BIT_CONVERSION = YES;
				GCC_WARN_ABOUT_RETURN_TYPE = YES_ERROR;
				GCC_WARN_UNDECLARED_SELECTOR = YES;
				GCC_WARN_UNINITIALIZED_AUTOS = YES_AGGRESSIVE;
				GCC_WARN_UNUSED_FUNCTION = YES;
				GCC_WARN_UNUSED_VARIABLE = YES;
				IPHONEOS_DEPLOYMENT_TARGET = 10.1;
				MTL_ENABLE_DEBUG_INFO = YES;
				ONLY_ACTIVE_ARCH = YES;
				SDKROOT = iphoneos;
				SWIFT_ACTIVE_COMPILATION_CONDITIONS = DEBUG;
				SWIFT_OPTIMIZATION_LEVEL = "-Onone";
			};
			name = Debug;
		};
		8F9981331DE1ED7800F60927 /* Release */ = {
			isa = XCBuildConfiguration;
			buildSettings = {
				ALWAYS_SEARCH_USER_PATHS = NO;
				CLANG_ANALYZER_NONNULL = YES;
				CLANG_CXX_LANGUAGE_STANDARD = "gnu++0x";
				CLANG_CXX_LIBRARY = "libc++";
				CLANG_ENABLE_MODULES = YES;
				CLANG_ENABLE_OBJC_ARC = YES;
				CLANG_WARN_BOOL_CONVERSION = YES;
				CLANG_WARN_CONSTANT_CONVERSION = YES;
				CLANG_WARN_DIRECT_OBJC_ISA_USAGE = YES_ERROR;
				CLANG_WARN_DOCUMENTATION_COMMENTS = YES;
				CLANG_WARN_EMPTY_BODY = YES;
				CLANG_WARN_ENUM_CONVERSION = YES;
				CLANG_WARN_INFINITE_RECURSION = YES;
				CLANG_WARN_INT_CONVERSION = YES;
				CLANG_WARN_OBJC_ROOT_CLASS = YES_ERROR;
				CLANG_WARN_SUSPICIOUS_MOVES = YES;
				CLANG_WARN_UNREACHABLE_CODE = YES;
				CLANG_WARN__DUPLICATE_METHOD_MATCH = YES;
				"CODE_SIGN_IDENTITY[sdk=iphoneos*]" = "iPhone Developer";
				COPY_PHASE_STRIP = NO;
				DEBUG_INFORMATION_FORMAT = "dwarf-with-dsym";
				ENABLE_NS_ASSERTIONS = NO;
				ENABLE_STRICT_OBJC_MSGSEND = YES;
				GCC_C_LANGUAGE_STANDARD = gnu99;
				GCC_NO_COMMON_BLOCKS = YES;
				GCC_WARN_64_TO_32_BIT_CONVERSION = YES;
				GCC_WARN_ABOUT_RETURN_TYPE = YES_ERROR;
				GCC_WARN_UNDECLARED_SELECTOR = YES;
				GCC_WARN_UNINITIALIZED_AUTOS = YES_AGGRESSIVE;
				GCC_WARN_UNUSED_FUNCTION = YES;
				GCC_WARN_UNUSED_VARIABLE = YES;
				IPHONEOS_DEPLOYMENT_TARGET = 10.1;
				MTL_ENABLE_DEBUG_INFO = NO;
				SDKROOT = iphoneos;
				SWIFT_OPTIMIZATION_LEVEL = "-Owholemodule";
				VALIDATE_PRODUCT = YES;
			};
			name = Release;
		};
		8F9981351DE1ED7800F60927 /* Debug */ = {
			isa = XCBuildConfiguration;
			buildSettings = {
				ASSETCATALOG_COMPILER_APPICON_NAME = AppIcon;
				DEVELOPMENT_TEAM = SS429DAPQ5;
				INFOPLIST_FILE = PageViewTest/Info.plist;
				LD_RUNPATH_SEARCH_PATHS = "$(inherited) @executable_path/Frameworks";
				PRODUCT_BUNDLE_IDENTIFIER = com.james.PageViewTest;
				PRODUCT_NAME = "$(TARGET_NAME)";
				SWIFT_VERSION = 3.0;
			};
			name = Debug;
		};
		8F9981361DE1ED7800F60927 /* Release */ = {
			isa = XCBuildConfiguration;
			buildSettings = {
				ASSETCATALOG_COMPILER_APPICON_NAME = AppIcon;
				DEVELOPMENT_TEAM = SS429DAPQ5;
				INFOPLIST_FILE = PageViewTest/Info.plist;
				LD_RUNPATH_SEARCH_PATHS = "$(inherited) @executable_path/Frameworks";
				PRODUCT_BUNDLE_IDENTIFIER = com.james.PageViewTest;
				PRODUCT_NAME = "$(TARGET_NAME)";
				SWIFT_VERSION = 3.0;
			};
			name = Release;
		};
		8F9981381DE1ED7800F60927 /* Debug */ = {
			isa = XCBuildConfiguration;
			buildSettings = {
				ALWAYS_EMBED_SWIFT_STANDARD_LIBRARIES = YES;
				BUNDLE_LOADER = "$(TEST_HOST)";
				DEVELOPMENT_TEAM = SS429DAPQ5;
				INFOPLIST_FILE = PageViewTestTests/Info.plist;
				LD_RUNPATH_SEARCH_PATHS = "$(inherited) @executable_path/Frameworks @loader_path/Frameworks";
				PRODUCT_BUNDLE_IDENTIFIER = com.james.PageViewTestTests;
				PRODUCT_NAME = "$(TARGET_NAME)";
				SWIFT_VERSION = 3.0;
				TEST_HOST = "$(BUILT_PRODUCTS_DIR)/PageViewTest.app/PageViewTest";
			};
			name = Debug;
		};
		8F9981391DE1ED7800F60927 /* Release */ = {
			isa = XCBuildConfiguration;
			buildSettings = {
				ALWAYS_EMBED_SWIFT_STANDARD_LIBRARIES = YES;
				BUNDLE_LOADER = "$(TEST_HOST)";
				DEVELOPMENT_TEAM = SS429DAPQ5;
				INFOPLIST_FILE = PageViewTestTests/Info.plist;
				LD_RUNPATH_SEARCH_PATHS = "$(inherited) @executable_path/Frameworks @loader_path/Frameworks";
				PRODUCT_BUNDLE_IDENTIFIER = com.james.PageViewTestTests;
				PRODUCT_NAME = "$(TARGET_NAME)";
				SWIFT_VERSION = 3.0;
				TEST_HOST = "$(BUILT_PRODUCTS_DIR)/PageViewTest.app/PageViewTest";
			};
			name = Release;
		};
		8F99813B1DE1ED7800F60927 /* Debug */ = {
			isa = XCBuildConfiguration;
			buildSettings = {
				ALWAYS_EMBED_SWIFT_STANDARD_LIBRARIES = YES;
				DEVELOPMENT_TEAM = SS429DAPQ5;
				INFOPLIST_FILE = PageViewTestUITests/Info.plist;
				LD_RUNPATH_SEARCH_PATHS = "$(inherited) @executable_path/Frameworks @loader_path/Frameworks";
				PRODUCT_BUNDLE_IDENTIFIER = com.james.PageViewTestUITests;
				PRODUCT_NAME = "$(TARGET_NAME)";
				SWIFT_VERSION = 3.0;
				TEST_TARGET_NAME = PageViewTest;
			};
			name = Debug;
		};
		8F99813C1DE1ED7800F60927 /* Release */ = {
			isa = XCBuildConfiguration;
			buildSettings = {
				ALWAYS_EMBED_SWIFT_STANDARD_LIBRARIES = YES;
				DEVELOPMENT_TEAM = SS429DAPQ5;
				INFOPLIST_FILE = PageViewTestUITests/Info.plist;
				LD_RUNPATH_SEARCH_PATHS = "$(inherited) @executable_path/Frameworks @loader_path/Frameworks";
				PRODUCT_BUNDLE_IDENTIFIER = com.james.PageViewTestUITests;
				PRODUCT_NAME = "$(TARGET_NAME)";
				SWIFT_VERSION = 3.0;
				TEST_TARGET_NAME = PageViewTest;
			};
			name = Release;
		};
/* End XCBuildConfiguration section */

/* Begin XCConfigurationList section */
		8F9981041DE1ED7800F60927 /* Build configuration list for PBXProject "PageViewTest" */ = {
			isa = XCConfigurationList;
			buildConfigurations = (
				8F9981321DE1ED7800F60927 /* Debug */,
				8F9981331DE1ED7800F60927 /* Release */,
			);
			defaultConfigurationIsVisible = 0;
			defaultConfigurationName = Release;
		};
		8F9981341DE1ED7800F60927 /* Build configuration list for PBXNativeTarget "PageViewTest" */ = {
			isa = XCConfigurationList;
			buildConfigurations = (
				8F9981351DE1ED7800F60927 /* Debug */,
				8F9981361DE1ED7800F60927 /* Release */,
			);
			defaultConfigurationIsVisible = 0;
		};
		8F9981371DE1ED7800F60927 /* Build configuration list for PBXNativeTarget "PageViewTestTests" */ = {
			isa = XCConfigurationList;
			buildConfigurations = (
				8F9981381DE1ED7800F60927 /* Debug */,
				8F9981391DE1ED7800F60927 /* Release */,
			);
			defaultConfigurationIsVisible = 0;
		};
		8F99813A1DE1ED7800F60927 /* Build configuration list for PBXNativeTarget "PageViewTestUITests" */ = {
			isa = XCConfigurationList;
			buildConfigurations = (
				8F99813B1DE1ED7800F60927 /* Debug */,
				8F99813C1DE1ED7800F60927 /* Release */,
			);
			defaultConfigurationIsVisible = 0;
		};
/* End XCConfigurationList section */

/* Begin XCVersionGroup section */
		8F9981131DE1ED7800F60927 /* PageViewTest.xcdatamodeld */ = {
			isa = XCVersionGroup;
			children = (
				8F9981141DE1ED7800F60927 /* PageViewTest.xcdatamodel */,
			);
			currentVersion = 8F9981141DE1ED7800F60927 /* PageViewTest.xcdatamodel */;
			path = PageViewTest.xcdatamodeld;
			sourceTree = "<group>";
			versionGroupType = wrapper.xcdatamodel;
		};
/* End XCVersionGroup section */
	};
	rootObject = 8F9981011DE1ED7800F60927 /* Project object */;
}
